// !$*UTF8*$!
{
	archiveVersion = 1;
	classes = {
	};
	objectVersion = 56;
	objects = {

/* Begin PBXBuildFile section */
		C7BA92D22A635BD6001B30EB /* VrScuolaApp.swift in Sources */ = {isa = PBXBuildFile; fileRef = C7BA92D12A635BD6001B30EB /* VrScuolaApp.swift */; };
		C7BA92D42A635BD6001B30EB /* ContentView.swift in Sources */ = {isa = PBXBuildFile; fileRef = C7BA92D32A635BD6001B30EB /* ContentView.swift */; };
		C7BA92D62A635BD6001B30EB /* Assets.xcassets in Resources */ = {isa = PBXBuildFile; fileRef = C7BA92D52A635BD6001B30EB /* Assets.xcassets */; };
		C7BA92D92A635BD7001B30EB /* Preview Assets.xcassets in Resources */ = {isa = PBXBuildFile; fileRef = C7BA92D82A635BD7001B30EB /* Preview Assets.xcassets */; };
		C7BA92E32A635BD7001B30EB /* VrScuolaTests.swift in Sources */ = {isa = PBXBuildFile; fileRef = C7BA92E22A635BD7001B30EB /* VrScuolaTests.swift */; };
		C7BA92ED2A635BD7001B30EB /* VrScuolaUITests.swift in Sources */ = {isa = PBXBuildFile; fileRef = C7BA92EC2A635BD7001B30EB /* VrScuolaUITests.swift */; };
		C7BA92EF2A635BD7001B30EB /* VrScuolaUITestsLaunchTests.swift in Sources */ = {isa = PBXBuildFile; fileRef = C7BA92EE2A635BD7001B30EB /* VrScuolaUITestsLaunchTests.swift */; };
/* End PBXBuildFile section */

/* Begin PBXContainerItemProxy section */
		C7BA92DF2A635BD7001B30EB /* PBXContainerItemProxy */ = {
			isa = PBXContainerItemProxy;
			containerPortal = C7BA92C62A635BD5001B30EB /* Project object */;
			proxyType = 1;
			remoteGlobalIDString = C7BA92CD2A635BD6001B30EB;
			remoteInfo = VrScuola;
		};
		C7BA92E92A635BD7001B30EB /* PBXContainerItemProxy */ = {
			isa = PBXContainerItemProxy;
			containerPortal = C7BA92C62A635BD5001B30EB /* Project object */;
			proxyType = 1;
			remoteGlobalIDString = C7BA92CD2A635BD6001B30EB;
			remoteInfo = VrScuola;
		};
/* End PBXContainerItemProxy section */

/* Begin PBXFileReference section */
		C7BA92CE2A635BD6001B30EB /* VrScuola.app */ = {isa = PBXFileReference; explicitFileType = wrapper.application; includeInIndex = 0; path = VrScuola.app; sourceTree = BUILT_PRODUCTS_DIR; };
		C7BA92D12A635BD6001B30EB /* VrScuolaApp.swift */ = {isa = PBXFileReference; lastKnownFileType = sourcecode.swift; path = VrScuolaApp.swift; sourceTree = "<group>"; };
		C7BA92D32A635BD6001B30EB /* ContentView.swift */ = {isa = PBXFileReference; lastKnownFileType = sourcecode.swift; path = ContentView.swift; sourceTree = "<group>"; };
		C7BA92D52A635BD6001B30EB /* Assets.xcassets */ = {isa = PBXFileReference; lastKnownFileType = folder.assetcatalog; path = Assets.xcassets; sourceTree = "<group>"; };
		C7BA92D82A635BD7001B30EB /* Preview Assets.xcassets */ = {isa = PBXFileReference; lastKnownFileType = folder.assetcatalog; path = "Preview Assets.xcassets"; sourceTree = "<group>"; };
		C7BA92DE2A635BD7001B30EB /* VrScuolaTests.xctest */ = {isa = PBXFileReference; explicitFileType = wrapper.cfbundle; includeInIndex = 0; path = VrScuolaTests.xctest; sourceTree = BUILT_PRODUCTS_DIR; };
		C7BA92E22A635BD7001B30EB /* VrScuolaTests.swift */ = {isa = PBXFileReference; lastKnownFileType = sourcecode.swift; path = VrScuolaTests.swift; sourceTree = "<group>"; };
		C7BA92E82A635BD7001B30EB /* VrScuolaUITests.xctest */ = {isa = PBXFileReference; explicitFileType = wrapper.cfbundle; includeInIndex = 0; path = VrScuolaUITests.xctest; sourceTree = BUILT_PRODUCTS_DIR; };
		C7BA92EC2A635BD7001B30EB /* VrScuolaUITests.swift */ = {isa = PBXFileReference; lastKnownFileType = sourcecode.swift; path = VrScuolaUITests.swift; sourceTree = "<group>"; };
		C7BA92EE2A635BD7001B30EB /* VrScuolaUITestsLaunchTests.swift */ = {isa = PBXFileReference; lastKnownFileType = sourcecode.swift; path = VrScuolaUITestsLaunchTests.swift; sourceTree = "<group>"; };
/* End PBXFileReference section */

/* Begin PBXFrameworksBuildPhase section */
		C7BA92CB2A635BD6001B30EB /* Frameworks */ = {
			isa = PBXFrameworksBuildPhase;
			buildActionMask = 2147483647;
			files = (
			);
			runOnlyForDeploymentPostprocessing = 0;
		};
		C7BA92DB2A635BD7001B30EB /* Frameworks */ = {
			isa = PBXFrameworksBuildPhase;
			buildActionMask = 2147483647;
			files = (
			);
			runOnlyForDeploymentPostprocessing = 0;
		};
		C7BA92E52A635BD7001B30EB /* Frameworks */ = {
			isa = PBXFrameworksBuildPhase;
			buildActionMask = 2147483647;
			files = (
			);
			runOnlyForDeploymentPostprocessing = 0;
		};
/* End PBXFrameworksBuildPhase section */

/* Begin PBXGroup section */
		C7BA92C52A635BD5001B30EB = {
			isa = PBXGroup;
			children = (
				C7BA92D02A635BD6001B30EB /* VrScuola */,
				C7BA92E12A635BD7001B30EB /* VrScuolaTests */,
				C7BA92EB2A635BD7001B30EB /* VrScuolaUITests */,
				C7BA92CF2A635BD6001B30EB /* Products */,
			);
			sourceTree = "<group>";
		};
		C7BA92CF2A635BD6001B30EB /* Products */ = {
			isa = PBXGroup;
			children = (
				C7BA92CE2A635BD6001B30EB /* VrScuola.app */,
				C7BA92DE2A635BD7001B30EB /* VrScuolaTests.xctest */,
				C7BA92E82A635BD7001B30EB /* VrScuolaUITests.xctest */,
			);
			name = Products;
			sourceTree = "<group>";
		};
		C7BA92D02A635BD6001B30EB /* VrScuola */ = {
			isa = PBXGroup;
			children = (
				C7BA92D12A635BD6001B30EB /* VrScuolaApp.swift */,
				C7BA92D32A635BD6001B30EB /* ContentView.swift */,
				C7BA92D52A635BD6001B30EB /* Assets.xcassets */,
				C7BA92D72A635BD7001B30EB /* Preview Content */,
			);
			path = VrScuola;
			sourceTree = "<group>";
		};
		C7BA92D72A635BD7001B30EB /* Preview Content */ = {
			isa = PBXGroup;
			children = (
				C7BA92D82A635BD7001B30EB /* Preview Assets.xcassets */,
			);
			path = "Preview Content";
			sourceTree = "<group>";
		};
		C7BA92E12A635BD7001B30EB /* VrScuolaTests */ = {
			isa = PBXGroup;
			children = (
				C7BA92E22A635BD7001B30EB /* VrScuolaTests.swift */,
			);
			path = VrScuolaTests;
			sourceTree = "<group>";
		};
		C7BA92EB2A635BD7001B30EB /* VrScuolaUITests */ = {
			isa = PBXGroup;
			children = (
				C7BA92EC2A635BD7001B30EB /* VrScuolaUITests.swift */,
				C7BA92EE2A635BD7001B30EB /* VrScuolaUITestsLaunchTests.swift */,
			);
			path = VrScuolaUITests;
			sourceTree = "<group>";
		};
/* End PBXGroup section */

/* Begin PBXNativeTarget section */
		C7BA92CD2A635BD6001B30EB /* VrScuola */ = {
			isa = PBXNativeTarget;
			buildConfigurationList = C7BA92F22A635BD7001B30EB /* Build configuration list for PBXNativeTarget "VrScuola" */;
			buildPhases = (
				C7BA92CA2A635BD6001B30EB /* Sources */,
				C7BA92CB2A635BD6001B30EB /* Frameworks */,
				C7BA92CC2A635BD6001B30EB /* Resources */,
			);
			buildRules = (
			);
			dependencies = (
			);
			name = VrScuola;
			productName = VrScuola;
			productReference = C7BA92CE2A635BD6001B30EB /* VrScuola.app */;
			productType = "com.apple.product-type.application";
		};
		C7BA92DD2A635BD7001B30EB /* VrScuolaTests */ = {
			isa = PBXNativeTarget;
			buildConfigurationList = C7BA92F52A635BD7001B30EB /* Build configuration list for PBXNativeTarget "VrScuolaTests" */;
			buildPhases = (
				C7BA92DA2A635BD7001B30EB /* Sources */,
				C7BA92DB2A635BD7001B30EB /* Frameworks */,
				C7BA92DC2A635BD7001B30EB /* Resources */,
			);
			buildRules = (
			);
			dependencies = (
				C7BA92E02A635BD7001B30EB /* PBXTargetDependency */,
			);
			name = VrScuolaTests;
			productName = VrScuolaTests;
			productReference = C7BA92DE2A635BD7001B30EB /* VrScuolaTests.xctest */;
			productType = "com.apple.product-type.bundle.unit-test";
		};
		C7BA92E72A635BD7001B30EB /* VrScuolaUITests */ = {
			isa = PBXNativeTarget;
			buildConfigurationList = C7BA92F82A635BD7001B30EB /* Build configuration list for PBXNativeTarget "VrScuolaUITests" */;
			buildPhases = (
				C7BA92E42A635BD7001B30EB /* Sources */,
				C7BA92E52A635BD7001B30EB /* Frameworks */,
				C7BA92E62A635BD7001B30EB /* Resources */,
			);
			buildRules = (
			);
			dependencies = (
				C7BA92EA2A635BD7001B30EB /* PBXTargetDependency */,
			);
			name = VrScuolaUITests;
			productName = VrScuolaUITests;
			productReference = C7BA92E82A635BD7001B30EB /* VrScuolaUITests.xctest */;
			productType = "com.apple.product-type.bundle.ui-testing";
		};
/* End PBXNativeTarget section */

/* Begin PBXProject section */
		C7BA92C62A635BD5001B30EB /* Project object */ = {
			isa = PBXProject;
			attributes = {
				BuildIndependentTargetsInParallel = 1;
				LastSwiftUpdateCheck = 1430;
				LastUpgradeCheck = 1430;
				TargetAttributes = {
					C7BA92CD2A635BD6001B30EB = {
						CreatedOnToolsVersion = 14.3.1;
					};
					C7BA92DD2A635BD7001B30EB = {
						CreatedOnToolsVersion = 14.3.1;
						TestTargetID = C7BA92CD2A635BD6001B30EB;
					};
					C7BA92E72A635BD7001B30EB = {
						CreatedOnToolsVersion = 14.3.1;
						TestTargetID = C7BA92CD2A635BD6001B30EB;
					};
				};
			};
			buildConfigurationList = C7BA92C92A635BD5001B30EB /* Build configuration list for PBXProject "VrScuola" */;
			compatibilityVersion = "Xcode 14.0";
			developmentRegion = en;
			hasScannedForEncodings = 0;
			knownRegions = (
				en,
				Base,
			);
			mainGroup = C7BA92C52A635BD5001B30EB;
			productRefGroup = C7BA92CF2A635BD6001B30EB /* Products */;
			projectDirPath = "";
			projectRoot = "";
			targets = (
				C7BA92CD2A635BD6001B30EB /* VrScuola */,
				C7BA92DD2A635BD7001B30EB /* VrScuolaTests */,
				C7BA92E72A635BD7001B30EB /* VrScuolaUITests */,
			);
		};
/* End PBXProject section */

/* Begin PBXResourcesBuildPhase section */
		C7BA92CC2A635BD6001B30EB /* Resources */ = {
			isa = PBXResourcesBuildPhase;
			buildActionMask = 2147483647;
			files = (
				C7BA92D92A635BD7001B30EB /* Preview Assets.xcassets in Resources */,
				C7BA92D62A635BD6001B30EB /* Assets.xcassets in Resources */,
			);
			runOnlyForDeploymentPostprocessing = 0;
		};
		C7BA92DC2A635BD7001B30EB /* Resources */ = {
			isa = PBXResourcesBuildPhase;
			buildActionMask = 2147483647;
			files = (
			);
			runOnlyForDeploymentPostprocessing = 0;
		};
		C7BA92E62A635BD7001B30EB /* Resources */ = {
			isa = PBXResourcesBuildPhase;
			buildActionMask = 2147483647;
			files = (
			);
			runOnlyForDeploymentPostprocessing = 0;
		};
/* End PBXResourcesBuildPhase section */

/* Begin PBXSourcesBuildPhase section */
		C7BA92CA2A635BD6001B30EB /* Sources */ = {
			isa = PBXSourcesBuildPhase;
			buildActionMask = 2147483647;
			files = (
				C7BA92D42A635BD6001B30EB /* ContentView.swift in Sources */,
				C7BA92D22A635BD6001B30EB /* VrScuolaApp.swift in Sources */,
			);
			runOnlyForDeploymentPostprocessing = 0;
		};
		C7BA92DA2A635BD7001B30EB /* Sources */ = {
			isa = PBXSourcesBuildPhase;
			buildActionMask = 2147483647;
			files = (
				C7BA92E32A635BD7001B30EB /* VrScuolaTests.swift in Sources */,
			);
			runOnlyForDeploymentPostprocessing = 0;
		};
		C7BA92E42A635BD7001B30EB /* Sources */ = {
			isa = PBXSourcesBuildPhase;
			buildActionMask = 2147483647;
			files = (
				C7BA92EF2A635BD7001B30EB /* VrScuolaUITestsLaunchTests.swift in Sources */,
				C7BA92ED2A635BD7001B30EB /* VrScuolaUITests.swift in Sources */,
			);
			runOnlyForDeploymentPostprocessing = 0;
		};
/* End PBXSourcesBuildPhase section */

/* Begin PBXTargetDependency section */
		C7BA92E02A635BD7001B30EB /* PBXTargetDependency */ = {
			isa = PBXTargetDependency;
			target = C7BA92CD2A635BD6001B30EB /* VrScuola */;
			targetProxy = C7BA92DF2A635BD7001B30EB /* PBXContainerItemProxy */;
		};
		C7BA92EA2A635BD7001B30EB /* PBXTargetDependency */ = {
			isa = PBXTargetDependency;
			target = C7BA92CD2A635BD6001B30EB /* VrScuola */;
			targetProxy = C7BA92E92A635BD7001B30EB /* PBXContainerItemProxy */;
		};
/* End PBXTargetDependency section */

/* Begin XCBuildConfiguration section */
		C7BA92F02A635BD7001B30EB /* Debug */ = {
			isa = XCBuildConfiguration;
			buildSettings = {
				ALWAYS_SEARCH_USER_PATHS = NO;
				CLANG_ANALYZER_NONNULL = YES;
				CLANG_ANALYZER_NUMBER_OBJECT_CONVERSION = YES_AGGRESSIVE;
				CLANG_CXX_LANGUAGE_STANDARD = "gnu++20";
				CLANG_ENABLE_MODULES = YES;
				CLANG_ENABLE_OBJC_ARC = YES;
				CLANG_ENABLE_OBJC_WEAK = YES;
				CLANG_WARN_BLOCK_CAPTURE_AUTORELEASING = YES;
				CLANG_WARN_BOOL_CONVERSION = YES;
				CLANG_WARN_COMMA = YES;
				CLANG_WARN_CONSTANT_CONVERSION = YES;
				CLANG_WARN_DEPRECATED_OBJC_IMPLEMENTATIONS = YES;
				CLANG_WARN_DIRECT_OBJC_ISA_USAGE = YES_ERROR;
				CLANG_WARN_DOCUMENTATION_COMMENTS = YES;
				CLANG_WARN_EMPTY_BODY = YES;
				CLANG_WARN_ENUM_CONVERSION = YES;
				CLANG_WARN_INFINITE_RECURSION = YES;
				CLANG_WARN_INT_CONVERSION = YES;
				CLANG_WARN_NON_LITERAL_NULL_CONVERSION = YES;
				CLANG_WARN_OBJC_IMPLICIT_RETAIN_SELF = YES;
				CLANG_WARN_OBJC_LITERAL_CONVERSION = YES;
				CLANG_WARN_OBJC_ROOT_CLASS = YES_ERROR;
				CLANG_WARN_QUOTED_INCLUDE_IN_FRAMEWORK_HEADER = YES;
				CLANG_WARN_RANGE_LOOP_ANALYSIS = YES;
				CLANG_WARN_STRICT_PROTOTYPES = YES;
				CLANG_WARN_SUSPICIOUS_MOVE = YES;
				CLANG_WARN_UNGUARDED_AVAILABILITY = YES_AGGRESSIVE;
				CLANG_WARN_UNREACHABLE_CODE = YES;
				CLANG_WARN__DUPLICATE_METHOD_MATCH = YES;
				COPY_PHASE_STRIP = NO;
				DEBUG_INFORMATION_FORMAT = dwarf;
				ENABLE_STRICT_OBJC_MSGSEND = YES;
				ENABLE_TESTABILITY = YES;
				GCC_C_LANGUAGE_STANDARD = gnu11;
				GCC_DYNAMIC_NO_PIC = NO;
				GCC_NO_COMMON_BLOCKS = YES;
				GCC_OPTIMIZATION_LEVEL = 0;
				GCC_PREPROCESSOR_DEFINITIONS = (
					"DEBUG=1",
					"$(inherited)",
				);
				GCC_WARN_64_TO_32_BIT_CONVERSION = YES;
				GCC_WARN_ABOUT_RETURN_TYPE = YES_ERROR;
				GCC_WARN_UNDECLARED_SELECTOR = YES;
				GCC_WARN_UNINITIALIZED_AUTOS = YES_AGGRESSIVE;
				GCC_WARN_UNUSED_FUNCTION = YES;
				GCC_WARN_UNUSED_VARIABLE = YES;
				IPHONEOS_DEPLOYMENT_TARGET = 16.4;
				MTL_ENABLE_DEBUG_INFO = INCLUDE_SOURCE;
				MTL_FAST_MATH = YES;
				ONLY_ACTIVE_ARCH = YES;
				SDKROOT = iphoneos;
				SWIFT_ACTIVE_COMPILATION_CONDITIONS = DEBUG;
				SWIFT_OPTIMIZATION_LEVEL = "-Onone";
			};
			name = Debug;
		};
		C7BA92F12A635BD7001B30EB /* Release */ = {
			isa = XCBuildConfiguration;
			buildSettings = {
				ALWAYS_SEARCH_USER_PATHS = NO;
				CLANG_ANALYZER_NONNULL = YES;
				CLANG_ANALYZER_NUMBER_OBJECT_CONVERSION = YES_AGGRESSIVE;
				CLANG_CXX_LANGUAGE_STANDARD = "gnu++20";
				CLANG_ENABLE_MODULES = YES;
				CLANG_ENABLE_OBJC_ARC = YES;
				CLANG_ENABLE_OBJC_WEAK = YES;
				CLANG_WARN_BLOCK_CAPTURE_AUTORELEASING = YES;
				CLANG_WARN_BOOL_CONVERSION = YES;
				CLANG_WARN_COMMA = YES;
				CLANG_WARN_CONSTANT_CONVERSION = YES;
				CLANG_WARN_DEPRECATED_OBJC_IMPLEMENTATIONS = YES;
				CLANG_WARN_DIRECT_OBJC_ISA_USAGE = YES_ERROR;
				CLANG_WARN_DOCUMENTATION_COMMENTS = YES;
				CLANG_WARN_EMPTY_BODY = YES;
				CLANG_WARN_ENUM_CONVERSION = YES;
				CLANG_WARN_INFINITE_RECURSION = YES;
				CLANG_WARN_INT_CONVERSION = YES;
				CLANG_WARN_NON_LITERAL_NULL_CONVERSION = YES;
				CLANG_WARN_OBJC_IMPLICIT_RETAIN_SELF = YES;
				CLANG_WARN_OBJC_LITERAL_CONVERSION = YES;
				CLANG_WARN_OBJC_ROOT_CLASS = YES_ERROR;
				CLANG_WARN_QUOTED_INCLUDE_IN_FRAMEWORK_HEADER = YES;
				CLANG_WARN_RANGE_LOOP_ANALYSIS = YES;
				CLANG_WARN_STRICT_PROTOTYPES = YES;
				CLANG_WARN_SUSPICIOUS_MOVE = YES;
				CLANG_WARN_UNGUARDED_AVAILABILITY = YES_AGGRESSIVE;
				CLANG_WARN_UNREACHABLE_CODE = YES;
				CLANG_WARN__DUPLICATE_METHOD_MATCH = YES;
				COPY_PHASE_STRIP = NO;
				DEBUG_INFORMATION_FORMAT = "dwarf-with-dsym";
				ENABLE_NS_ASSERTIONS = NO;
				ENABLE_STRICT_OBJC_MSGSEND = YES;
				GCC_C_LANGUAGE_STANDARD = gnu11;
				GCC_NO_COMMON_BLOCKS = YES;
				GCC_WARN_64_TO_32_BIT_CONVERSION = YES;
				GCC_WARN_ABOUT_RETURN_TYPE = YES_ERROR;
				GCC_WARN_UNDECLARED_SELECTOR = YES;
				GCC_WARN_UNINITIALIZED_AUTOS = YES_AGGRESSIVE;
				GCC_WARN_UNUSED_FUNCTION = YES;
				GCC_WARN_UNUSED_VARIABLE = YES;
				IPHONEOS_DEPLOYMENT_TARGET = 16.4;
				MTL_ENABLE_DEBUG_INFO = NO;
				MTL_FAST_MATH = YES;
				SDKROOT = iphoneos;
				SWIFT_COMPILATION_MODE = wholemodule;
				SWIFT_OPTIMIZATION_LEVEL = "-O";
				VALIDATE_PRODUCT = YES;
			};
			name = Release;
		};
		C7BA92F32A635BD7001B30EB /* Debug */ = {
			isa = XCBuildConfiguration;
			buildSettings = {
				ASSETCATALOG_COMPILER_APPICON_NAME = AppIcon;
				ASSETCATALOG_COMPILER_GLOBAL_ACCENT_COLOR_NAME = AccentColor;
				CODE_SIGN_STYLE = Automatic;
				CURRENT_PROJECT_VERSION = 1;
				DEVELOPMENT_ASSET_PATHS = "\"VrScuola/Preview Content\"";
				DEVELOPMENT_TEAM = Q66B2Q3WX2;
				ENABLE_PREVIEWS = YES;
				GENERATE_INFOPLIST_FILE = YES;
				INFOPLIST_KEY_CFBundleDisplayName = VrScuola;
				INFOPLIST_KEY_LSApplicationCategoryType = "public.app-category.education";
				INFOPLIST_KEY_UIApplicationSceneManifest_Generation = YES;
				INFOPLIST_KEY_UIApplicationSupportsIndirectInputEvents = YES;
				INFOPLIST_KEY_UILaunchScreen_Generation = YES;
				INFOPLIST_KEY_UISupportedInterfaceOrientations_iPad = "UIInterfaceOrientationPortrait UIInterfaceOrientationPortraitUpsideDown UIInterfaceOrientationLandscapeLeft UIInterfaceOrientationLandscapeRight";
				INFOPLIST_KEY_UISupportedInterfaceOrientations_iPhone = "UIInterfaceOrientationPortrait UIInterfaceOrientationLandscapeLeft UIInterfaceOrientationLandscapeRight";
				IPHONEOS_DEPLOYMENT_TARGET = 14.0;
				LD_RUNPATH_SEARCH_PATHS = (
					"$(inherited)",
					"@executable_path/Frameworks",
				);
				MARKETING_VERSION = 1.0;
				PRODUCT_BUNDLE_IDENTIFIER = it.vrscuola.scuola.VrScuola;
				PRODUCT_NAME = "$(TARGET_NAME)";
				SWIFT_EMIT_LOC_STRINGS = YES;
				SWIFT_VERSION = 5.0;
				TARGETED_DEVICE_FAMILY = "1,2";
			};
			name = Debug;
		};
		C7BA92F42A635BD7001B30EB /* Release */ = {
			isa = XCBuildConfiguration;
			buildSettings = {
				ASSETCATALOG_COMPILER_APPICON_NAME = AppIcon;
				ASSETCATALOG_COMPILER_GLOBAL_ACCENT_COLOR_NAME = AccentColor;
				CODE_SIGN_STYLE = Automatic;
				CURRENT_PROJECT_VERSION = 1;
				DEVELOPMENT_ASSET_PATHS = "\"VrScuola/Preview Content\"";
				DEVELOPMENT_TEAM = Q66B2Q3WX2;
				ENABLE_PREVIEWS = YES;
				GENERATE_INFOPLIST_FILE = YES;
				INFOPLIST_KEY_CFBundleDisplayName = VrScuola;
				INFOPLIST_KEY_LSApplicationCategoryType = "public.app-category.education";
				INFOPLIST_KEY_UIApplicationSceneManifest_Generation = YES;
				INFOPLIST_KEY_UIApplicationSupportsIndirectInputEvents = YES;
				INFOPLIST_KEY_UILaunchScreen_Generation = YES;
				INFOPLIST_KEY_UISupportedInterfaceOrientations_iPad = "UIInterfaceOrientationPortrait UIInterfaceOrientationPortraitUpsideDown UIInterfaceOrientationLandscapeLeft UIInterfaceOrientationLandscapeRight";
				INFOPLIST_KEY_UISupportedInterfaceOrientations_iPhone = "UIInterfaceOrientationPortrait UIInterfaceOrientationLandscapeLeft UIInterfaceOrientationLandscapeRight";
				IPHONEOS_DEPLOYMENT_TARGET = 14.0;
				LD_RUNPATH_SEARCH_PATHS = (
					"$(inherited)",
					"@executable_path/Frameworks",
				);
				MARKETING_VERSION = 1.0;
				PRODUCT_BUNDLE_IDENTIFIER = it.vrscuola.scuola.VrScuola;
				PRODUCT_NAME = "$(TARGET_NAME)";
				SWIFT_EMIT_LOC_STRINGS = YES;
				SWIFT_VERSION = 5.0;
				TARGETED_DEVICE_FAMILY = "1,2";
			};
			name = Release;
		};
		C7BA92F62A635BD7001B30EB /* Debug */ = {
			isa = XCBuildConfiguration;
			buildSettings = {
				ALWAYS_EMBED_SWIFT_STANDARD_LIBRARIES = YES;
				BUNDLE_LOADER = "$(TEST_HOST)";
				CODE_SIGN_STYLE = Automatic;
				CURRENT_PROJECT_VERSION = 1;
				GENERATE_INFOPLIST_FILE = YES;
				IPHONEOS_DEPLOYMENT_TARGET = 16.4;
				MARKETING_VERSION = 1.0;
				PRODUCT_BUNDLE_IDENTIFIER = it.vrscuola.scuola.VrScuolaTests;
				PRODUCT_NAME = "$(TARGET_NAME)";
				SWIFT_EMIT_LOC_STRINGS = NO;
				SWIFT_VERSION = 5.0;
				TARGETED_DEVICE_FAMILY = "1,2";
				TEST_HOST = "$(BUILT_PRODUCTS_DIR)/VrScuola.app/$(BUNDLE_EXECUTABLE_FOLDER_PATH)/VrScuola";
			};
			name = Debug;
		};
		C7BA92F72A635BD7001B30EB /* Release */ = {
			isa = XCBuildConfiguration;
			buildSettings = {
				ALWAYS_EMBED_SWIFT_STANDARD_LIBRARIES = YES;
				BUNDLE_LOADER = "$(TEST_HOST)";
				CODE_SIGN_STYLE = Automatic;
				CURRENT_PROJECT_VERSION = 1;
				GENERATE_INFOPLIST_FILE = YES;
				IPHONEOS_DEPLOYMENT_TARGET = 16.4;
				MARKETING_VERSION = 1.0;
				PRODUCT_BUNDLE_IDENTIFIER = it.vrscuola.scuola.VrScuolaTests;
				PRODUCT_NAME = "$(TARGET_NAME)";
				SWIFT_EMIT_LOC_STRINGS = NO;
				SWIFT_VERSION = 5.0;
				TARGETED_DEVICE_FAMILY = "1,2";
				TEST_HOST = "$(BUILT_PRODUCTS_DIR)/VrScuola.app/$(BUNDLE_EXECUTABLE_FOLDER_PATH)/VrScuola";
			};
			name = Release;
		};
		C7BA92F92A635BD7001B30EB /* Debug */ = {
			isa = XCBuildConfiguration;
			buildSettings = {
				ALWAYS_EMBED_SWIFT_STANDARD_LIBRARIES = YES;
				CODE_SIGN_STYLE = Automatic;
				CURRENT_PROJECT_VERSION = 1;
				GENERATE_INFOPLIST_FILE = YES;
				MARKETING_VERSION = 1.0;
				PRODUCT_BUNDLE_IDENTIFIER = it.vrscuola.scuola.VrScuolaUITests;
				PRODUCT_NAME = "$(TARGET_NAME)";
				SWIFT_EMIT_LOC_STRINGS = NO;
				SWIFT_VERSION = 5.0;
				TARGETED_DEVICE_FAMILY = "1,2";
				TEST_TARGET_NAME = VrScuola;
			};
			name = Debug;
		};
		C7BA92FA2A635BD7001B30EB /* Release */ = {
			isa = XCBuildConfiguration;
			buildSettings = {
				ALWAYS_EMBED_SWIFT_STANDARD_LIBRARIES = YES;
				CODE_SIGN_STYLE = Automatic;
				CURRENT_PROJECT_VERSION = 1;
				GENERATE_INFOPLIST_FILE = YES;
				MARKETING_VERSION = 1.0;
				PRODUCT_BUNDLE_IDENTIFIER = it.vrscuola.scuola.VrScuolaUITests;
				PRODUCT_NAME = "$(TARGET_NAME)";
				SWIFT_EMIT_LOC_STRINGS = NO;
				SWIFT_VERSION = 5.0;
				TARGETED_DEVICE_FAMILY = "1,2";
				TEST_TARGET_NAME = VrScuola;
			};
			name = Release;
		};
/* End XCBuildConfiguration section */

/* Begin XCConfigurationList section */
		C7BA92C92A635BD5001B30EB /* Build configuration list for PBXProject "VrScuola" */ = {
			isa = XCConfigurationList;
			buildConfigurations = (
				C7BA92F02A635BD7001B30EB /* Debug */,
				C7BA92F12A635BD7001B30EB /* Release */,
			);
			defaultConfigurationIsVisible = 0;
			defaultConfigurationName = Release;
		};
		C7BA92F22A635BD7001B30EB /* Build configuration list for PBXNativeTarget "VrScuola" */ = {
			isa = XCConfigurationList;
			buildConfigurations = (
				C7BA92F32A635BD7001B30EB /* Debug */,
				C7BA92F42A635BD7001B30EB /* Release */,
			);
			defaultConfigurationIsVisible = 0;
			defaultConfigurationName = Release;
		};
		C7BA92F52A635BD7001B30EB /* Build configuration list for PBXNativeTarget "VrScuolaTests" */ = {
			isa = XCConfigurationList;
			buildConfigurations = (
				C7BA92F62A635BD7001B30EB /* Debug */,
				C7BA92F72A635BD7001B30EB /* Release */,
			);
			defaultConfigurationIsVisible = 0;
			defaultConfigurationName = Release;
		};
		C7BA92F82A635BD7001B30EB /* Build configuration list for PBXNativeTarget "VrScuolaUITests" */ = {
			isa = XCConfigurationList;
			buildConfigurations = (
				C7BA92F92A635BD7001B30EB /* Debug */,
				C7BA92FA2A635BD7001B30EB /* Release */,
			);
			defaultConfigurationIsVisible = 0;
			defaultConfigurationName = Release;
		};
/* End XCConfigurationList section */
	};
	rootObject = C7BA92C62A635BD5001B30EB /* Project object */;
}
